// !$*UTF8*$!
{
	archiveVersion = 1;
	classes = {
	};
	objectVersion = 46;
	objects = {

/* Begin PBXBuildFile section */
		45198EF3106C9461005A2F68 /* SCPreferences.m in Sources */ = {isa = PBXBuildFile; fileRef = 45198EF2106C9461005A2F68 /* SCPreferences.m */; };
		45362A131068A23A00C8FC45 /* dsa_pub.pem in Resources */ = {isa = PBXBuildFile; fileRef = 45362A121068A23A00C8FC45 /* dsa_pub.pem */; };
		45425F7610782A650091D809 /* Installer wrapup.rtf in Resources */ = {isa = PBXBuildFile; fileRef = 45425F7510782A650091D809 /* Installer wrapup.rtf */; };
		454C866A0F5BA65E00421DDD /* SafariCookies.png in Resources */ = {isa = PBXBuildFile; fileRef = 454C86690F5BA65E00421DDD /* SafariCookies.png */; };
		4552717D10333CC1006EC7F5 /* SCPreferences.xib in Resources */ = {isa = PBXBuildFile; fileRef = 4552717B10333CC1006EC7F5 /* SCPreferences.xib */; };
		4555A4780F57A08400BEC11E /* BooleanToStringTransformer.m in Sources */ = {isa = PBXBuildFile; fileRef = 4555A4750F57A08400BEC11E /* BooleanToStringTransformer.m */; };
		4555A47E0F57A08D00BEC11E /* CookieNode.m in Sources */ = {isa = PBXBuildFile; fileRef = 4555A47B0F57A08D00BEC11E /* CookieNode.m */; };
		4555A47F0F57A08D00BEC11E /* CookiesOutlineViewController.m in Sources */ = {isa = PBXBuildFile; fileRef = 4555A47D0F57A08D00BEC11E /* CookiesOutlineViewController.m */; };
		4555A51C0F57AA0200BEC11E /* SCPreferencesModule.m in Sources */ = {isa = PBXBuildFile; fileRef = 4555A51B0F57AA0200BEC11E /* SCPreferencesModule.m */; };
		458D05CD106EAFCF00B447DC /* MethodSwizzle.m in Sources */ = {isa = PBXBuildFile; fileRef = 458D05CC106EAFCF00B447DC /* MethodSwizzle.m */; };
		45AAACD710690E530079857E /* Defaults.plist in Resources */ = {isa = PBXBuildFile; fileRef = 45AAACD610690E530079857E /* Defaults.plist */; };
		45BB0E710FAE848C00C0D536 /* Credits.rtf in Resources */ = {isa = PBXBuildFile; fileRef = 45BB0E700FAE848C00C0D536 /* Credits.rtf */; };
		45BED32A0FAECA4500B92EB4 /* Localizable.strings in Resources */ = {isa = PBXBuildFile; fileRef = 45BED3290FAECA4500B92EB4 /* Localizable.strings */; };
		45BF9C2A106A008E0026C8AE /* Sparkle.framework in Frameworks */ = {isa = PBXBuildFile; fileRef = 45BF9C29106A008E0026C8AE /* Sparkle.framework */; };
		45BF9C33106A00A00026C8AE /* Sparkle.framework in CopyFiles */ = {isa = PBXBuildFile; fileRef = 45BF9C29106A008E0026C8AE /* Sparkle.framework */; };
		45CCBB520F56193C00D9E267 /* uninstall.sh in Resources */ = {isa = PBXBuildFile; fileRef = 45CCBB510F56193C00D9E267 /* uninstall.sh */; };
		45CCBB7D0F561B4700D9E267 /* SCHelper.m in Sources */ = {isa = PBXBuildFile; fileRef = 45CCBB7C0F561B4700D9E267 /* SCHelper.m */; };
		5B01F3570CD2613100FA4A3C /* SCController.m in Sources */ = {isa = PBXBuildFile; fileRef = 5B01F3560CD2613100FA4A3C /* SCController.m */; };
		5BA3D5FA0CD1EFF100DBD48A /* WebKit.framework in Frameworks */ = {isa = PBXBuildFile; fileRef = 5BA3D5F90CD1EFF100DBD48A /* WebKit.framework */; };
		8D5B49B0048680CD000E48DA /* InfoPlist.strings in Resources */ = {isa = PBXBuildFile; fileRef = 089C167DFE841241C02AAC07 /* InfoPlist.strings */; };
		8D5B49B4048680CD000E48DA /* Cocoa.framework in Frameworks */ = {isa = PBXBuildFile; fileRef = 1058C7ADFEA557BF11CA2CBB /* Cocoa.framework */; };
/* End PBXBuildFile section */

/* Begin PBXCopyFilesBuildPhase section */
		453629C210689C7C00C8FC45 /* CopyFiles */ = {
			isa = PBXCopyFilesBuildPhase;
			buildActionMask = 2147483647;
			dstPath = "";
			dstSubfolderSpec = 10;
			files = (
				45BF9C33106A00A00026C8AE /* Sparkle.framework in CopyFiles */,
			);
			runOnlyForDeploymentPostprocessing = 0;
		};
/* End PBXCopyFilesBuildPhase section */

/* Begin PBXFileReference section */
		089C1672FE841209C02AAC07 /* Foundation.framework */ = {isa = PBXFileReference; lastKnownFileType = wrapper.framework; name = Foundation.framework; path = /System/Library/Frameworks/Foundation.framework; sourceTree = "<absolute>"; };
		089C167EFE841241C02AAC07 /* English */ = {isa = PBXFileReference; fileEncoding = 10; lastKnownFileType = text.plist.strings; name = English; path = English.lproj/InfoPlist.strings; sourceTree = "<group>"; };
		089C167FFE841241C02AAC07 /* AppKit.framework */ = {isa = PBXFileReference; lastKnownFileType = wrapper.framework; name = AppKit.framework; path = /System/Library/Frameworks/AppKit.framework; sourceTree = "<absolute>"; };
		1058C7ADFEA557BF11CA2CBB /* Cocoa.framework */ = {isa = PBXFileReference; lastKnownFileType = wrapper.framework; name = Cocoa.framework; path = /System/Library/Frameworks/Cocoa.framework; sourceTree = "<absolute>"; };
		32DBCF630370AF2F00C91783 /* Safari Cookies_Prefix.pch */ = {isa = PBXFileReference; fileEncoding = 4; lastKnownFileType = sourcecode.c.h; path = "Safari Cookies_Prefix.pch"; sourceTree = "<group>"; };
		45198EF1106C9461005A2F68 /* SCPreferences.h */ = {isa = PBXFileReference; fileEncoding = 4; lastKnownFileType = sourcecode.c.h; path = SCPreferences.h; sourceTree = "<group>"; };
		45198EF2106C9461005A2F68 /* SCPreferences.m */ = {isa = PBXFileReference; fileEncoding = 4; lastKnownFileType = sourcecode.c.objc; path = SCPreferences.m; sourceTree = "<group>"; };
		452AC6600FAE4CEC00621763 /* French */ = {isa = PBXFileReference; fileEncoding = 10; lastKnownFileType = text.plist.strings; name = French; path = French.lproj/InfoPlist.strings; sourceTree = "<group>"; };
		45362A121068A23A00C8FC45 /* dsa_pub.pem */ = {isa = PBXFileReference; fileEncoding = 4; lastKnownFileType = text; path = dsa_pub.pem; sourceTree = "<group>"; };
		45425F6E10782A220091D809 /* English */ = {isa = PBXFileReference; lastKnownFileType = text.rtf; name = English; path = "English.lproj/Installer wrapup.rtf"; sourceTree = "<group>"; };
		45425F7710782A6E0091D809 /* French */ = {isa = PBXFileReference; lastKnownFileType = text.rtf; name = French; path = "French.lproj/Installer wrapup.rtf"; sourceTree = "<group>"; };
		45425F7810782A730091D809 /* German */ = {isa = PBXFileReference; lastKnownFileType = text.rtf; name = German; path = "German.lproj/Installer wrapup.rtf"; sourceTree = "<group>"; };
		45425F7910782A790091D809 /* Spanish */ = {isa = PBXFileReference; lastKnownFileType = text.rtf; name = Spanish; path = "Spanish.lproj/Installer wrapup.rtf"; sourceTree = "<group>"; };
		4543AD5D0FBF695400EABC26 /* README.txt */ = {isa = PBXFileReference; fileEncoding = 4; lastKnownFileType = text; path = README.txt; sourceTree = "<group>"; };
		4549E7630F8AE2FC0027F00F /* English */ = {isa = PBXFileReference; lastKnownFileType = text.rtf; name = English; path = English.lproj/Credits.rtf; sourceTree = "<group>"; };
		454C86690F5BA65E00421DDD /* SafariCookies.png */ = {isa = PBXFileReference; lastKnownFileType = image.png; path = SafariCookies.png; sourceTree = "<group>"; };
		45514A57108A5EC100E718D6 /* Italian */ = {isa = PBXFileReference; lastKnownFileType = file.xib; name = Italian; path = Italian.lproj/SCPreferences.xib; sourceTree = "<group>"; };
		45514A58108A5ED200E718D6 /* Italian */ = {isa = PBXFileReference; lastKnownFileType = text.rtf; name = Italian; path = "Italian.lproj/Installer wrapup.rtf"; sourceTree = "<group>"; };
		45514A59108A5EE100E718D6 /* Italian */ = {isa = PBXFileReference; lastKnownFileType = text.rtf; name = Italian; path = "Italian.lproj/Installer Info.rtf"; sourceTree = "<group>"; };
		45514A5A108A5EF300E718D6 /* Italian */ = {isa = PBXFileReference; lastKnownFileType = text.rtf; name = Italian; path = Italian.lproj/Credits.rtf; sourceTree = "<group>"; };
		45514A5B108A5EFC00E718D6 /* Italian */ = {isa = PBXFileReference; lastKnownFileType = text.plist.strings; name = Italian; path = Italian.lproj/InfoPlist.strings; sourceTree = "<group>"; };
		45514A5C108A5F0B00E718D6 /* Italian */ = {isa = PBXFileReference; lastKnownFileType = text.plist.strings; name = Italian; path = Italian.lproj/Localizable.strings; sourceTree = "<group>"; };
		4552717C10333CC1006EC7F5 /* English */ = {isa = PBXFileReference; lastKnownFileType = file.xib; name = English; path = English.lproj/SCPreferences.xib; sourceTree = "<group>"; };
		4552717F10333CD4006EC7F5 /* French */ = {isa = PBXFileReference; lastKnownFileType = file.xib; name = French; path = French.lproj/SCPreferences.xib; sourceTree = "<group>"; };
		4552718110333CE5006EC7F5 /* German */ = {isa = PBXFileReference; lastKnownFileType = file.xib; name = German; path = German.lproj/SCPreferences.xib; sourceTree = "<group>"; };
		4552718310333CF2006EC7F5 /* Spanish */ = {isa = PBXFileReference; lastKnownFileType = file.xib; name = Spanish; path = Spanish.lproj/SCPreferences.xib; sourceTree = "<group>"; };
		4555A4740F57A08400BEC11E /* BooleanToStringTransformer.h */ = {isa = PBXFileReference; fileEncoding = 4; lastKnownFileType = sourcecode.c.h; path = BooleanToStringTransformer.h; sourceTree = "<group>"; };
		4555A4750F57A08400BEC11E /* BooleanToStringTransformer.m */ = {isa = PBXFileReference; fileEncoding = 4; lastKnownFileType = sourcecode.c.objc; path = BooleanToStringTransformer.m; sourceTree = "<group>"; };
		4555A47A0F57A08D00BEC11E /* CookieNode.h */ = {isa = PBXFileReference; fileEncoding = 4; lastKnownFileType = sourcecode.c.h; path = CookieNode.h; sourceTree = "<group>"; };
		4555A47B0F57A08D00BEC11E /* CookieNode.m */ = {isa = PBXFileReference; fileEncoding = 4; lastKnownFileType = sourcecode.c.objc; path = CookieNode.m; sourceTree = "<group>"; };
		4555A47C0F57A08D00BEC11E /* CookiesOutlineViewController.h */ = {isa = PBXFileReference; fileEncoding = 4; lastKnownFileType = sourcecode.c.h; path = CookiesOutlineViewController.h; sourceTree = "<group>"; };
		4555A47D0F57A08D00BEC11E /* CookiesOutlineViewController.m */ = {isa = PBXFileReference; fileEncoding = 4; lastKnownFileType = sourcecode.c.objc; path = CookiesOutlineViewController.m; sourceTree = "<group>"; };
		4555A51A0F57AA0200BEC11E /* SCPreferencesModule.h */ = {isa = PBXFileReference; fileEncoding = 4; lastKnownFileType = sourcecode.c.h; path = SCPreferencesModule.h; sourceTree = "<group>"; };
		4555A51B0F57AA0200BEC11E /* SCPreferencesModule.m */ = {isa = PBXFileReference; fileEncoding = 4; lastKnownFileType = sourcecode.c.objc; path = SCPreferencesModule.m; sourceTree = "<group>"; };
		45782AB50FB2BEED00ED20F5 /* German */ = {isa = PBXFileReference; lastKnownFileType = text.rtf; name = German; path = German.lproj/Credits.rtf; sourceTree = "<group>"; };
		45782AB70FB2BF0000ED20F5 /* German */ = {isa = PBXFileReference; lastKnownFileType = text.plist.strings; name = German; path = German.lproj/InfoPlist.strings; sourceTree = "<group>"; };
		45782AB80FB2BF0B00ED20F5 /* German */ = {isa = PBXFileReference; lastKnownFileType = text.plist.strings; name = German; path = German.lproj/Localizable.strings; sourceTree = "<group>"; };
		457C4C4E0FF3A82E003A1994 /* Spanish */ = {isa = PBXFileReference; lastKnownFileType = text.rtf; name = Spanish; path = "Spanish.lproj/Installer Info.rtf"; sourceTree = "<group>"; };
		457C4C4F0FF3A853003A1994 /* Spanish */ = {isa = PBXFileReference; lastKnownFileType = text.rtf; name = Spanish; path = Spanish.lproj/Credits.rtf; sourceTree = "<group>"; };
		457C4C500FF3A8A1003A1994 /* Spanish */ = {isa = PBXFileReference; lastKnownFileType = text.plist.strings; name = Spanish; path = Spanish.lproj/InfoPlist.strings; sourceTree = "<group>"; };
		457C4C510FF3A8B3003A1994 /* Spanish */ = {isa = PBXFileReference; lastKnownFileType = text.plist.strings; name = Spanish; path = Spanish.lproj/Localizable.strings; sourceTree = "<group>"; };
		458591D1114BB715000FC6BD /* Swedish */ = {isa = PBXFileReference; lastKnownFileType = file.xib; name = Swedish; path = Swedish.lproj/SCPreferences.xib; sourceTree = "<group>"; };
		458591D2114BB726000FC6BD /* Swedish */ = {isa = PBXFileReference; lastKnownFileType = text.rtf; name = Swedish; path = "Swedish.lproj/Installer wrapup.rtf"; sourceTree = "<group>"; };
		458591D3114BB72F000FC6BD /* Swedish */ = {isa = PBXFileReference; lastKnownFileType = text.rtf; name = Swedish; path = "Swedish.lproj/Installer Info.rtf"; sourceTree = "<group>"; };
		458591D4114BB737000FC6BD /* Swedish */ = {isa = PBXFileReference; lastKnownFileType = text.rtf; name = Swedish; path = Swedish.lproj/Credits.rtf; sourceTree = "<group>"; };
		458591D5114BB741000FC6BD /* Swedish */ = {isa = PBXFileReference; lastKnownFileType = text.plist.strings; name = Swedish; path = Swedish.lproj/InfoPlist.strings; sourceTree = "<group>"; };
		458591D6114BB74B000FC6BD /* Swedish */ = {isa = PBXFileReference; lastKnownFileType = text.plist.strings; name = Swedish; path = Swedish.lproj/Localizable.strings; sourceTree = "<group>"; };
		458D05CB106EAFCF00B447DC /* MethodSwizzle.h */ = {isa = PBXFileReference; fileEncoding = 4; lastKnownFileType = sourcecode.c.h; path = MethodSwizzle.h; sourceTree = "<group>"; };
		458D05CC106EAFCF00B447DC /* MethodSwizzle.m */ = {isa = PBXFileReference; fileEncoding = 4; lastKnownFileType = sourcecode.c.objc; path = MethodSwizzle.m; sourceTree = "<group>"; };
		458ED4790FAE846000970084 /* French */ = {isa = PBXFileReference; lastKnownFileType = text.rtf; name = French; path = "French.lproj/Installer Info.rtf"; sourceTree = "<group>"; };
		45AAACD610690E530079857E /* Defaults.plist */ = {isa = PBXFileReference; fileEncoding = 4; lastKnownFileType = text.plist.xml; path = Defaults.plist; sourceTree = "<group>"; };
		45BB0E720FAE849400C0D536 /* French */ = {isa = PBXFileReference; lastKnownFileType = text.rtf; name = French; path = French.lproj/Credits.rtf; sourceTree = "<group>"; };
		45BB5F940F936A32009D24DC /* English */ = {isa = PBXFileReference; lastKnownFileType = text.rtf; name = English; path = "English.lproj/Installer Info.rtf"; sourceTree = "<group>"; };
		45BED32B0FAECA4C00B92EB4 /* French */ = {isa = PBXFileReference; fileEncoding = 10; lastKnownFileType = text.plist.strings; name = French; path = French.lproj/Localizable.strings; sourceTree = "<group>"; };
		45BF9C29106A008E0026C8AE /* Sparkle.framework */ = {isa = PBXFileReference; lastKnownFileType = wrapper.framework; path = Sparkle.framework; sourceTree = "<group>"; };
		45C29F350FAE523C00542C6B /* English */ = {isa = PBXFileReference; fileEncoding = 10; lastKnownFileType = text.plist.strings; name = English; path = English.lproj/Localizable.strings; sourceTree = "<group>"; };
		45C4DADE106E959900DAA375 /* German */ = {isa = PBXFileReference; lastKnownFileType = text.rtf; name = German; path = "German.lproj/Installer Info.rtf"; sourceTree = "<group>"; };
		45CCBB510F56193C00D9E267 /* uninstall.sh */ = {isa = PBXFileReference; fileEncoding = 4; lastKnownFileType = text.script.sh; path = uninstall.sh; sourceTree = "<group>"; };
		45CCBB7B0F561B4700D9E267 /* SCHelper.h */ = {isa = PBXFileReference; fileEncoding = 4; lastKnownFileType = sourcecode.c.h; path = SCHelper.h; sourceTree = "<group>"; };
		45CCBB7C0F561B4700D9E267 /* SCHelper.m */ = {isa = PBXFileReference; fileEncoding = 4; lastKnownFileType = sourcecode.c.objc; path = SCHelper.m; sourceTree = "<group>"; };
		5B01F3550CD2613100FA4A3C /* SCController.h */ = {isa = PBXFileReference; fileEncoding = 4; lastKnownFileType = sourcecode.c.h; path = SCController.h; sourceTree = "<group>"; };
		5B01F3560CD2613100FA4A3C /* SCController.m */ = {isa = PBXFileReference; fileEncoding = 4; lastKnownFileType = sourcecode.c.objc; path = SCController.m; sourceTree = "<group>"; };
		5B01F3650CD2649C00FA4A3C /* Constants.h */ = {isa = PBXFileReference; fileEncoding = 4; lastKnownFileType = sourcecode.c.h; path = Constants.h; sourceTree = "<group>"; };
		5BA3D5F90CD1EFF100DBD48A /* WebKit.framework */ = {isa = PBXFileReference; lastKnownFileType = wrapper.framework; name = WebKit.framework; path = /System/Library/Frameworks/WebKit.framework; sourceTree = "<absolute>"; };
		5BA3D6540CD1F60800DBD48A /* NSPreferences.h */ = {isa = PBXFileReference; fileEncoding = 4; lastKnownFileType = sourcecode.c.h; path = NSPreferences.h; sourceTree = "<group>"; };
		8D5B49B6048680CD000E48DA /* Safari Cookies.bundle */ = {isa = PBXFileReference; explicitFileType = wrapper.cfbundle; includeInIndex = 0; path = "Safari Cookies.bundle"; sourceTree = BUILT_PRODUCTS_DIR; };
		8D5B49B7048680CD000E48DA /* Info.plist */ = {isa = PBXFileReference; fileEncoding = 4; lastKnownFileType = text.plist.xml; path = Info.plist; sourceTree = "<group>"; };
		D2F7E65807B2D6F200F64583 /* CoreData.framework */ = {isa = PBXFileReference; lastKnownFileType = wrapper.framework; name = CoreData.framework; path = /System/Library/Frameworks/CoreData.framework; sourceTree = "<absolute>"; };
/* End PBXFileReference section */

/* Begin PBXFrameworksBuildPhase section */
		8D5B49B3048680CD000E48DA /* Frameworks */ = {
			isa = PBXFrameworksBuildPhase;
			buildActionMask = 2147483647;
			files = (
				8D5B49B4048680CD000E48DA /* Cocoa.framework in Frameworks */,
				5BA3D5FA0CD1EFF100DBD48A /* WebKit.framework in Frameworks */,
				45BF9C2A106A008E0026C8AE /* Sparkle.framework in Frameworks */,
			);
			runOnlyForDeploymentPostprocessing = 0;
		};
/* End PBXFrameworksBuildPhase section */

/* Begin PBXGroup section */
		089C166AFE841209C02AAC07 /* Safari Cookies */ = {
			isa = PBXGroup;
			children = (
				4543AD5D0FBF695400EABC26 /* README.txt */,
				4555A40D0F579F6600BEC11E /* Cookie management */,
				08FB77AFFE84173DC02AAC07 /* Interface */,
				456BAAC70F9D4AE400F479FD /* Other Classes */,
				32C88E010371C26100C91783 /* Other Sources */,
				089C167CFE841241C02AAC07 /* Resources */,
				089C1671FE841209C02AAC07 /* Frameworks and Libraries */,
				19C28FB8FE9D52D311CA2CBB /* Products */,
			);
			name = "Safari Cookies";
			sourceTree = "<group>";
		};
		089C1671FE841209C02AAC07 /* Frameworks and Libraries */ = {
			isa = PBXGroup;
			children = (
				1058C7ACFEA557BF11CA2CBB /* Linked Frameworks */,
				1058C7AEFEA557BF11CA2CBB /* Other Frameworks */,
			);
			name = "Frameworks and Libraries";
			sourceTree = "<group>";
		};
		089C167CFE841241C02AAC07 /* Resources */ = {
			isa = PBXGroup;
			children = (
				45AAACD610690E530079857E /* Defaults.plist */,
				45362A121068A23A00C8FC45 /* dsa_pub.pem */,
				4552717B10333CC1006EC7F5 /* SCPreferences.xib */,
				454C86690F5BA65E00421DDD /* SafariCookies.png */,
				45425F7510782A650091D809 /* Installer wrapup.rtf */,
				458ED4780FAE844E00970084 /* Installer Info.rtf */,
				45BB0E700FAE848C00C0D536 /* Credits.rtf */,
				8D5B49B7048680CD000E48DA /* Info.plist */,
				089C167DFE841241C02AAC07 /* InfoPlist.strings */,
				45BED3290FAECA4500B92EB4 /* Localizable.strings */,
			);
			name = Resources;
			sourceTree = "<group>";
		};
		08FB77AFFE84173DC02AAC07 /* Interface */ = {
			isa = PBXGroup;
			children = (
				5B01F3550CD2613100FA4A3C /* SCController.h */,
				5B01F3560CD2613100FA4A3C /* SCController.m */,
				45198EF1106C9461005A2F68 /* SCPreferences.h */,
				45198EF2106C9461005A2F68 /* SCPreferences.m */,
				4555A51A0F57AA0200BEC11E /* SCPreferencesModule.h */,
				4555A51B0F57AA0200BEC11E /* SCPreferencesModule.m */,
				4555A47C0F57A08D00BEC11E /* CookiesOutlineViewController.h */,
				4555A47D0F57A08D00BEC11E /* CookiesOutlineViewController.m */,
			);
			name = Interface;
			sourceTree = "<group>";
		};
		1058C7ACFEA557BF11CA2CBB /* Linked Frameworks */ = {
			isa = PBXGroup;
			children = (
				45BF9C29106A008E0026C8AE /* Sparkle.framework */,
				5BA3D5F90CD1EFF100DBD48A /* WebKit.framework */,
				1058C7ADFEA557BF11CA2CBB /* Cocoa.framework */,
			);
			name = "Linked Frameworks";
			sourceTree = "<group>";
		};
		1058C7AEFEA557BF11CA2CBB /* Other Frameworks */ = {
			isa = PBXGroup;
			children = (
				089C167FFE841241C02AAC07 /* AppKit.framework */,
				D2F7E65807B2D6F200F64583 /* CoreData.framework */,
				089C1672FE841209C02AAC07 /* Foundation.framework */,
			);
			name = "Other Frameworks";
			sourceTree = "<group>";
		};
		19C28FB8FE9D52D311CA2CBB /* Products */ = {
			isa = PBXGroup;
			children = (
				8D5B49B6048680CD000E48DA /* Safari Cookies.bundle */,
			);
			name = Products;
			sourceTree = "<group>";
		};
		32C88E010371C26100C91783 /* Other Sources */ = {
			isa = PBXGroup;
			children = (
				5B01F3650CD2649C00FA4A3C /* Constants.h */,
				5BA3D6540CD1F60800DBD48A /* NSPreferences.h */,
				32DBCF630370AF2F00C91783 /* Safari Cookies_Prefix.pch */,
				45CCBB510F56193C00D9E267 /* uninstall.sh */,
			);
			name = "Other Sources";
			sourceTree = "<group>";
		};
		4555A40D0F579F6600BEC11E /* Cookie management */ = {
			isa = PBXGroup;
			children = (
				4555A47A0F57A08D00BEC11E /* CookieNode.h */,
				4555A47B0F57A08D00BEC11E /* CookieNode.m */,
			);
			name = "Cookie management";
			sourceTree = "<group>";
		};
		456BAAC70F9D4AE400F479FD /* Other Classes */ = {
			isa = PBXGroup;
			children = (
				4555A4740F57A08400BEC11E /* BooleanToStringTransformer.h */,
				4555A4750F57A08400BEC11E /* BooleanToStringTransformer.m */,
				45CCBB7B0F561B4700D9E267 /* SCHelper.h */,
				45CCBB7C0F561B4700D9E267 /* SCHelper.m */,
				458D05CB106EAFCF00B447DC /* MethodSwizzle.h */,
				458D05CC106EAFCF00B447DC /* MethodSwizzle.m */,
			);
			name = "Other Classes";
			sourceTree = "<group>";
		};
/* End PBXGroup section */

/* Begin PBXNativeTarget section */
		8D5B49AC048680CD000E48DA /* Safari Cookies */ = {
			isa = PBXNativeTarget;
			buildConfigurationList = 1DEB913A08733D840010E9CD /* Build configuration list for PBXNativeTarget "Safari Cookies" */;
			buildPhases = (
				8D5B49AF048680CD000E48DA /* Resources */,
				453629C210689C7C00C8FC45 /* CopyFiles */,
				8D5B49B1048680CD000E48DA /* Sources */,
				8D5B49B3048680CD000E48DA /* Frameworks */,
			);
			buildRules = (
			);
			dependencies = (
			);
			name = "Safari Cookies";
			productInstallPath = "$(HOME)/Library/Bundles";
			productName = "Safari Cookies";
			productReference = 8D5B49B6048680CD000E48DA /* Safari Cookies.bundle */;
			productType = "com.apple.product-type.bundle";
		};
/* End PBXNativeTarget section */

/* Begin PBXProject section */
		089C1669FE841209C02AAC07 /* Project object */ = {
			isa = PBXProject;
			buildConfigurationList = 1DEB913E08733D840010E9CD /* Build configuration list for PBXProject "Safari Cookies" */;
			compatibilityVersion = "Xcode 3.2";
			hasScannedForEncodings = 1;
			knownRegions = (
				English,
				Japanese,
				French,
				German,
				Spanish,
				Italian,
				sw,
				Svenska,
				Swedish,
			);
			mainGroup = 089C166AFE841209C02AAC07 /* Safari Cookies */;
			projectDirPath = "";
			projectRoot = "";
			targets = (
				8D5B49AC048680CD000E48DA /* Safari Cookies */,
			);
		};
/* End PBXProject section */

/* Begin PBXResourcesBuildPhase section */
		8D5B49AF048680CD000E48DA /* Resources */ = {
			isa = PBXResourcesBuildPhase;
			buildActionMask = 2147483647;
			files = (
				8D5B49B0048680CD000E48DA /* InfoPlist.strings in Resources */,
				45BB0E710FAE848C00C0D536 /* Credits.rtf in Resources */,
				454C866A0F5BA65E00421DDD /* SafariCookies.png in Resources */,
				45BED32A0FAECA4500B92EB4 /* Localizable.strings in Resources */,
				4552717D10333CC1006EC7F5 /* SCPreferences.xib in Resources */,
				45362A131068A23A00C8FC45 /* dsa_pub.pem in Resources */,
				45AAACD710690E530079857E /* Defaults.plist in Resources */,
				45425F7610782A650091D809 /* Installer wrapup.rtf in Resources */,
				45CCBB520F56193C00D9E267 /* uninstall.sh in Resources */,
			);
			runOnlyForDeploymentPostprocessing = 0;
		};
/* End PBXResourcesBuildPhase section */

/* Begin PBXSourcesBuildPhase section */
		8D5B49B1048680CD000E48DA /* Sources */ = {
			isa = PBXSourcesBuildPhase;
			buildActionMask = 2147483647;
			files = (
				5B01F3570CD2613100FA4A3C /* SCController.m in Sources */,
				45CCBB7D0F561B4700D9E267 /* SCHelper.m in Sources */,
				4555A4780F57A08400BEC11E /* BooleanToStringTransformer.m in Sources */,
				4555A47E0F57A08D00BEC11E /* CookieNode.m in Sources */,
				4555A47F0F57A08D00BEC11E /* CookiesOutlineViewController.m in Sources */,
				4555A51C0F57AA0200BEC11E /* SCPreferencesModule.m in Sources */,
				45198EF3106C9461005A2F68 /* SCPreferences.m in Sources */,
				458D05CD106EAFCF00B447DC /* MethodSwizzle.m in Sources */,
			);
			runOnlyForDeploymentPostprocessing = 0;
		};
/* End PBXSourcesBuildPhase section */

/* Begin PBXVariantGroup section */
		089C167DFE841241C02AAC07 /* InfoPlist.strings */ = {
			isa = PBXVariantGroup;
			children = (
				089C167EFE841241C02AAC07 /* English */,
				452AC6600FAE4CEC00621763 /* French */,
				45782AB70FB2BF0000ED20F5 /* German */,
				457C4C500FF3A8A1003A1994 /* Spanish */,
				45514A5B108A5EFC00E718D6 /* Italian */,
				458591D5114BB741000FC6BD /* Swedish */,
			);
			name = InfoPlist.strings;
			sourceTree = "<group>";
		};
		45425F7510782A650091D809 /* Installer wrapup.rtf */ = {
			isa = PBXVariantGroup;
			children = (
				45425F6E10782A220091D809 /* English */,
				45425F7710782A6E0091D809 /* French */,
				45425F7810782A730091D809 /* German */,
				45425F7910782A790091D809 /* Spanish */,
				45514A58108A5ED200E718D6 /* Italian */,
				458591D2114BB726000FC6BD /* Swedish */,
			);
			name = "Installer wrapup.rtf";
			sourceTree = "<group>";
		};
		4552717B10333CC1006EC7F5 /* SCPreferences.xib */ = {
			isa = PBXVariantGroup;
			children = (
				4552717C10333CC1006EC7F5 /* English */,
				4552717F10333CD4006EC7F5 /* French */,
				4552718110333CE5006EC7F5 /* German */,
				4552718310333CF2006EC7F5 /* Spanish */,
				45514A57108A5EC100E718D6 /* Italian */,
				458591D1114BB715000FC6BD /* Swedish */,
			);
			name = SCPreferences.xib;
			sourceTree = "<group>";
		};
		458ED4780FAE844E00970084 /* Installer Info.rtf */ = {
			isa = PBXVariantGroup;
			children = (
				45BB5F940F936A32009D24DC /* English */,
				458ED4790FAE846000970084 /* French */,
				457C4C4E0FF3A82E003A1994 /* Spanish */,
				45C4DADE106E959900DAA375 /* German */,
				45514A59108A5EE100E718D6 /* Italian */,
				458591D3114BB72F000FC6BD /* Swedish */,
			);
			name = "Installer Info.rtf";
			sourceTree = "<group>";
		};
		45BB0E700FAE848C00C0D536 /* Credits.rtf */ = {
			isa = PBXVariantGroup;
			children = (
				4549E7630F8AE2FC0027F00F /* English */,
				45BB0E720FAE849400C0D536 /* French */,
				45782AB50FB2BEED00ED20F5 /* German */,
				457C4C4F0FF3A853003A1994 /* Spanish */,
				45514A5A108A5EF300E718D6 /* Italian */,
				458591D4114BB737000FC6BD /* Swedish */,
			);
			name = Credits.rtf;
			sourceTree = "<group>";
		};
		45BED3290FAECA4500B92EB4 /* Localizable.strings */ = {
			isa = PBXVariantGroup;
			children = (
				45C29F350FAE523C00542C6B /* English */,
				45BED32B0FAECA4C00B92EB4 /* French */,
				45782AB80FB2BF0B00ED20F5 /* German */,
				457C4C510FF3A8B3003A1994 /* Spanish */,
				45514A5C108A5F0B00E718D6 /* Italian */,
				458591D6114BB74B000FC6BD /* Swedish */,
			);
			name = Localizable.strings;
			sourceTree = "<group>";
		};
/* End PBXVariantGroup section */

/* Begin XCBuildConfiguration section */
		1DEB913B08733D840010E9CD /* Debug */ = {
			isa = XCBuildConfiguration;
			buildSettings = {
				COPY_PHASE_STRIP = NO;
				FRAMEWORK_SEARCH_PATHS = (
					"$(inherited)",
					"\"$(SRCROOT)\"",
				);
				GCC_DYNAMIC_NO_PIC = NO;
				GCC_ENABLE_FIX_AND_CONTINUE = YES;
				GCC_ENABLE_OBJC_GC = unsupported;
				GCC_MODEL_TUNING = G5;
				GCC_OPTIMIZATION_LEVEL = 0;
				GCC_PRECOMPILE_PREFIX_HEADER = YES;
				GCC_PREFIX_HEADER = "$(SYSTEM_LIBRARY_DIR)/Frameworks/AppKit.framework/Headers/AppKit.h";
				INFOPLIST_FILE = Info.plist;
				INSTALL_PATH = /Library/InputManagers;
				PRODUCT_NAME = "Safari Cookies";
				ZERO_LINK = YES;
			};
			name = Debug;
		};
		1DEB913C08733D840010E9CD /* Release */ = {
			isa = XCBuildConfiguration;
			buildSettings = {
				ARCHS_STANDARD_32_64_BIT_PRE_XCODE_3_1 = "ppc i386  ppc64 x86_64  ppc7400 ppc970";
				DEBUG_INFORMATION_FORMAT = "dwarf-with-dsym";
				FRAMEWORK_SEARCH_PATHS = (
					"$(inherited)",
					"\"$(SRCROOT)\"",
				);
				GCC_ENABLE_OBJC_GC = supported;
				GCC_MODEL_TUNING = G4;
				GCC_PRECOMPILE_PREFIX_HEADER = YES;
				GCC_PREFIX_HEADER = "$(SYSTEM_LIBRARY_DIR)/Frameworks/AppKit.framework/Headers/AppKit.h";
				INFOPLIST_FILE = Info.plist;
				INSTALL_PATH = "/Library/Application Support/SIMBL/Plugins/";
				PREBINDING = NO;
				PRODUCT_NAME = "Safari Cookies";
			};
			name = Release;
		};
		1DEB913F08733D840010E9CD /* Debug */ = {
			isa = XCBuildConfiguration;
			buildSettings = {
				ARCHS = "$(NATIVE_ARCH)";
				BUNDLE_LOADER = /Applications/Safari.app/Contents/MacOS/Safari;
				COPY_PHASE_STRIP = NO;
				CURRENT_PROJECT_VERSION = 1.3.6;
				GCC_OPTIMIZATION_LEVEL = 0;
				GCC_WARN_ABOUT_RETURN_TYPE = YES;
				GCC_WARN_UNUSED_VARIABLE = YES;
				OTHER_LDFLAGS = (
					"-undefined",
					suppress,
					"-undefined",
					dynamic_lookup,
				);
				PREBINDING = NO;
				SDKROOT = macosx10.5;
			};
			name = Debug;
		};
		1DEB914008733D840010E9CD /* Release */ = {
			isa = XCBuildConfiguration;
			buildSettings = {
				ARCHS = "$(ARCHS_STANDARD_32_64_BIT)";
				ARCHS_STANDARD_32_64_BIT_PRE_XCODE_3_1 = "ppc i386  ppc64 x86_64  ppc7400 ppc970";
				BUNDLE_LOADER = /Applications/Safari.app/Contents/MacOS/Safari;
				CURRENT_PROJECT_VERSION = 1.3.8;
				GCC_VERSION = "";
				GCC_WARN_ABOUT_RETURN_TYPE = YES;
				GCC_WARN_UNUSED_VARIABLE = YES;
				IBC_FLATTEN_NIBS = YES;
				INSTALL_PATH = "/Library/Application Support/SIMBL/Plugins/";
				OTHER_LDFLAGS = (
					"-undefined",
					suppress,
					"-undefined",
					dynamic_lookup,
				);
				PREBINDING = NO;
				SDKROOT = macosx10.5;
				SDKROOTS = "$(DEVELOPER_SDK_DIR)/MacOSX10.5.sdk";
				VALID_ARCHS = "i386 ppc ppc64 ppc7400 ppc970 x86_64";
			};
			name = Release;
		};
/* End XCBuildConfiguration section */

/* Begin XCConfigurationList section */
		1DEB913A08733D840010E9CD /* Build configuration list for PBXNativeTarget "Safari Cookies" */ = {
			isa = XCConfigurationList;
			buildConfigurations = (
				1DEB913B08733D840010E9CD /* Debug */,
				1DEB913C08733D840010E9CD /* Release */,
			);
			defaultConfigurationIsVisible = 0;
			defaultConfigurationName = Release;
		};
		1DEB913E08733D840010E9CD /* Build configuration list for PBXProject "Safari Cookies" */ = {
			isa = XCConfigurationList;
			buildConfigurations = (
				1DEB913F08733D840010E9CD /* Debug */,
				1DEB914008733D840010E9CD /* Release */,
			);
			defaultConfigurationIsVisible = 0;
			defaultConfigurationName = Release;
		};
/* End XCConfigurationList section */
	};
	rootObject = 089C1669FE841209C02AAC07 /* Project object */;
}
